
Microsoft Visual Studio Solution File, Format Version 12.00
# Visual Studio Version 16
VisualStudioVersion = 16.0.31105.61
MinimumVisualStudioVersion = 10.0.40219.1
Project("{FAE04EC0-301F-11D3-BF4B-00C04F79EFBC}") = "DaysFrom.Android", "DaysFrom.Android\DaysFrom.Android.csproj", "{7C23BD2A-3DBF-4F0F-A5ED-9BC4EFE05076}"
EndProject
Project("{FAE04EC0-301F-11D3-BF4B-00C04F79EFBC}") = "DaysFrom", "DaysFrom\DaysFrom.csproj", "{AA66B059-2B91-4AB8-B9B3-2963153973EC}"
EndProject
Global
	GlobalSection(SolutionConfigurationPlatforms) = preSolution
		Debug|Any CPU = Debug|Any CPU
		Release|Any CPU = Release|Any CPU
	EndGlobalSection
	GlobalSection(ProjectConfigurationPlatforms) = postSolution
		{7C23BD2A-3DBF-4F0F-A5ED-9BC4EFE05076}.Debug|Any CPU.ActiveCfg = Debug|Any CPU
		{7C23BD2A-3DBF-4F0F-A5ED-9BC4EFE05076}.Debug|Any CPU.Build.0 = Debug|Any CPU
		{7C23BD2A-3DBF-4F0F-A5ED-9BC4EFE05076}.Debug|Any CPU.Deploy.0 = Debug|Any CPU
		{7C23BD2A-3DBF-4F0F-A5ED-9BC4EFE05076}.Release|Any CPU.ActiveCfg = Release|Any CPU
		{7C23BD2A-3DBF-4F0F-A5ED-9BC4EFE05076}.Release|Any CPU.Build.0 = Release|Any CPU
		{7C23BD2A-3DBF-4F0F-A5ED-9BC4EFE05076}.Release|Any CPU.Deploy.0 = Release|Any CPU
		{AA66B059-2B91-4AB8-B9B3-2963153973EC}.Debug|Any CPU.ActiveCfg = Debug|Any CPU
		{AA66B059-2B91-4AB8-B9B3-2963153973EC}.Debug|Any CPU.Build.0 = Debug|Any CPU
		{AA66B059-2B91-4AB8-B9B3-2963153973EC}.Debug|Any CPU.Deploy.0 = Debug|Any CPU
		{AA66B059-2B91-4AB8-B9B3-2963153973EC}.Release|Any CPU.ActiveCfg = Release|Any CPU
		{AA66B059-2B91-4AB8-B9B3-2963153973EC}.Release|Any CPU.Build.0 = Release|Any CPU
		{AA66B059-2B91-4AB8-B9B3-2963153973EC}.Release|Any CPU.Deploy.0 = Release|Any CPU
	EndGlobalSection
	GlobalSection(SolutionProperties) = preSolution
		HideSolutionNode = FALSE
	EndGlobalSection
	GlobalSection(ExtensibilityGlobals) = postSolution
		SolutionGuid = {A7B64FEF-7597-470F-9EDD-D7EC886B5815}
	EndGlobalSection
EndGlobal
